<?xml version="1.0" encoding="utf-8"?>
<Project ToolsVersion="4.0" xmlns="http://schemas.microsoft.com/developer/msbuild/2003">
  <ItemGroup>
    <Filter Include="源文件">
      <UniqueIdentifier>{4FC737F1-C7A5-4376-A066-2A32D752A2FF}</UniqueIdentifier>
      <Extensions>cpp;c;cc;cxx;def;odl;idl;hpj;bat;asm;asmx</Extensions>
    </Filter>
    <Filter Include="头文件">
      <UniqueIdentifier>{93995380-89BD-4b04-88EB-625FBE52EBFB}</UniqueIdentifier>
      <Extensions>h;hh;hpp;hxx;hm;inl;inc;xsd</Extensions>
    </Filter>
    <Filter Include="资源文件">
      <UniqueIdentifier>{67DA6AB6-F800-4c08-8B7A-83BB121AAD01}</UniqueIdentifier>
      <Extensions>rc;ico;cur;bmp;dlg;rc2;rct;bin;rgs;gif;jpg;jpeg;jpe;resx;tiff;tif;png;wav;mfcribbon-ms</Extensions>
    </Filter>
    <Filter Include="net">
      <UniqueIdentifier>{3f93827b-356d-498b-bb26-756125fbaf5f}</UniqueIdentifier>
    </Filter>
    <Filter Include="lua">
      <UniqueIdentifier>{f37aacc9-0abc-413f-abb4-2a752328424d}</UniqueIdentifier>
    </Filter>
  </ItemGroup>
  <ItemGroup>
    <Text Include="ReadMe.txt" />
  </ItemGroup>
  <ItemGroup>
    <ClInclude Include="GameDBSession.h">
      <Filter>net</Filter>
    </ClInclude>
    <ClInclude Include="GameSession.h">
      <Filter>net</Filter>
    </ClInclude>
    <ClInclude Include="GameSessionManager.h">
      <Filter>net</Filter>
    </ClInclude>
    <ClInclude Include="BaseGameServer.h">
      <Filter>头文件</Filter>
    </ClInclude>
    <ClInclude Include="BaseGameLuaScriptManager.h">
      <Filter>lua</Filter>
    </ClInclude>
    <ClInclude Include="GameGmManager.h">
      <Filter>头文件</Filter>
    </ClInclude>
    <ClInclude Include="GameLoginSession.h">
      <Filter>net</Filter>
    </ClInclude>
    <ClInclude Include="GameConfigSession.h">
      <Filter>net</Filter>
    </ClInclude>
    <ClInclude Include="GameConfigNetworkServer.h">
      <Filter>net</Filter>
    </ClInclude>
  </ItemGroup>
  <ItemGroup>
    <ClCompile Include="GameDBSession.cpp">
      <Filter>net</Filter>
    </ClCompile>
    <ClCompile Include="GameSession.cpp">
      <Filter>net</Filter>
    </ClCompile>
    <ClCompile Include="GameSessionManager.cpp">
      <Filter>net</Filter>
    </ClCompile>
    <ClCompile Include="BaseGameServer.cpp">
      <Filter>源文件</Filter>
    </ClCompile>
    <ClCompile Include="BaseGameLuaScriptManager.cpp">
      <Filter>lua</Filter>
    </ClCompile>
    <ClCompile Include="BindBaseGameNetMessage.cpp">
      <Filter>lua</Filter>
    </ClCompile>
    <ClCompile Include="GameGmManager.cpp">
      <Filter>源文件</Filter>
    </ClCompile>
    <ClCompile Include="GameLoginSession.cpp">
      <Filter>net</Filter>
    </ClCompile>
    <ClCompile Include="GameConfigSession.cpp">
      <Filter>net</Filter>
    </ClCompile>
    <ClCompile Include="GameConfigNetworkServer.cpp">
      <Filter>net</Filter>
    </ClCompile>
  </ItemGroup>
</Project>